
Microsoft Visual Studio Solution File, Format Version 12.00
# Visual Studio Version 16
VisualStudioVersion = 16.0.29519.181
MinimumVisualStudioVersion = 10.0.40219.1
Project("{2150E333-8FDC-42A3-9474-1A3956D46DE8}") = "Microservices", "Microservices", "{8430C28D-EA0B-46FF-83B7-894EA1C43F04}"
EndProject
Project("{2150E333-8FDC-42A3-9474-1A3956D46DE8}") = "Domain", "Domain", "{13894C1D-FAE2-402C-A307-A695CD0A4F1A}"
EndProject
Project("{2150E333-8FDC-42A3-9474-1A3956D46DE8}") = "Infra.Bus", "Infra.Bus", "{1489E5E9-46BB-48C9-94F1-9A01C714B991}"
EndProject
Project("{2150E333-8FDC-42A3-9474-1A3956D46DE8}") = "Infra.IoC", "Infra.IoC", "{FE2E0E58-E1BD-4FB3-BF29-E8FBBDC8006B}"
EndProject
Project("{2150E333-8FDC-42A3-9474-1A3956D46DE8}") = "Presentation", "Presentation", "{C37BBD49-3428-488B-A570-E3279075B66E}"
EndProject
Project("{FAE04EC0-301F-11D3-BF4B-00C04F79EFBC}") = "MicroRabbit.Domain.Core", "MicroRabbit.Domain.Core\MicroRabbit.Domain.Core.csproj", "{6546C865-648F-4D8C-879B-DBDDF73A05AE}"
EndProject
Global
	GlobalSection(SolutionConfigurationPlatforms) = preSolution
		Debug|Any CPU = Debug|Any CPU
		Release|Any CPU = Release|Any CPU
	EndGlobalSection
	GlobalSection(ProjectConfigurationPlatforms) = postSolution
		{6546C865-648F-4D8C-879B-DBDDF73A05AE}.Debug|Any CPU.ActiveCfg = Debug|Any CPU
		{6546C865-648F-4D8C-879B-DBDDF73A05AE}.Debug|Any CPU.Build.0 = Debug|Any CPU
		{6546C865-648F-4D8C-879B-DBDDF73A05AE}.Release|Any CPU.ActiveCfg = Release|Any CPU
		{6546C865-648F-4D8C-879B-DBDDF73A05AE}.Release|Any CPU.Build.0 = Release|Any CPU
	EndGlobalSection
	GlobalSection(SolutionProperties) = preSolution
		HideSolutionNode = FALSE
	EndGlobalSection
	GlobalSection(NestedProjects) = preSolution
		{6546C865-648F-4D8C-879B-DBDDF73A05AE} = {13894C1D-FAE2-402C-A307-A695CD0A4F1A}
	EndGlobalSection
	GlobalSection(ExtensibilityGlobals) = postSolution
		SolutionGuid = {71855C11-DF3C-4E18-85F3-680D7C773ED3}
	EndGlobalSection
EndGlobal
