
Microsoft Visual Studio Solution File, Format Version 12.00
# Visual Studio Version 16
VisualStudioVersion = 16.0.29519.181
MinimumVisualStudioVersion = 10.0.40219.1
Project("{2150E333-8FDC-42A3-9474-1A3956D46DE8}") = "Microservices", "Microservices", "{8430C28D-EA0B-46FF-83B7-894EA1C43F04}"
EndProject
Project("{2150E333-8FDC-42A3-9474-1A3956D46DE8}") = "Domain", "Domain", "{13894C1D-FAE2-402C-A307-A695CD0A4F1A}"
EndProject
Project("{2150E333-8FDC-42A3-9474-1A3956D46DE8}") = "Infra.Bus", "Infra.Bus", "{1489E5E9-46BB-48C9-94F1-9A01C714B991}"
EndProject
Project("{2150E333-8FDC-42A3-9474-1A3956D46DE8}") = "Infra.IoC", "Infra.IoC", "{FE2E0E58-E1BD-4FB3-BF29-E8FBBDC8006B}"
EndProject
Project("{2150E333-8FDC-42A3-9474-1A3956D46DE8}") = "Presentation", "Presentation", "{C37BBD49-3428-488B-A570-E3279075B66E}"
EndProject
Project("{FAE04EC0-301F-11D3-BF4B-00C04F79EFBC}") = "MicroRabbit.Domain.Core", "MicroRabbit.Domain.Core\MicroRabbit.Domain.Core.csproj", "{6546C865-648F-4D8C-879B-DBDDF73A05AE}"
EndProject
Project("{FAE04EC0-301F-11D3-BF4B-00C04F79EFBC}") = "MicroRabbit.Infra.Bus", "MicroRabbit.Infra.Bus\MicroRabbit.Infra.Bus.csproj", "{EE58B549-0673-4B87-B07A-5D52F667B975}"
EndProject
Project("{FAE04EC0-301F-11D3-BF4B-00C04F79EFBC}") = "MicroRabbit.Infra.IoC", "MicroRabbit.Infra.IoC\MicroRabbit.Infra.IoC.csproj", "{13BE583E-3A07-45A1-9D86-4F9D6BDECD87}"
EndProject
Project("{2150E333-8FDC-42A3-9474-1A3956D46DE8}") = "Banking", "Banking", "{B52E4B2A-75C6-4601-8282-46075C2FE15B}"
EndProject
Project("{2150E333-8FDC-42A3-9474-1A3956D46DE8}") = "Api", "Api", "{6922B9AE-E34B-43F2-8DAD-B5DE8042C7EC}"
EndProject
Project("{2150E333-8FDC-42A3-9474-1A3956D46DE8}") = "Domain", "Domain", "{9CE5C3F9-87ED-4AF1-A70A-57F918B60645}"
EndProject
Project("{2150E333-8FDC-42A3-9474-1A3956D46DE8}") = "Application", "Application", "{788C0B22-21E4-4375-BF5B-78AE82B4880D}"
EndProject
Project("{2150E333-8FDC-42A3-9474-1A3956D46DE8}") = "Data", "Data", "{B04A0471-8A6A-459B-BFCA-C65F09E59641}"
EndProject
Project("{FAE04EC0-301F-11D3-BF4B-00C04F79EFBC}") = "MicroRabbit.Banking.Api", "MicroRabbit.Banking.Api\MicroRabbit.Banking.Api.csproj", "{9D124947-7464-4CA4-A9D6-10CEFD8A5EEE}"
EndProject
Project("{FAE04EC0-301F-11D3-BF4B-00C04F79EFBC}") = "MicroRabbit.Banking.Application", "MicroRabbit.Banking.Application\MicroRabbit.Banking.Application.csproj", "{E7FC9CF4-6859-49FF-B3A4-663F9E84FE26}"
EndProject
Project("{FAE04EC0-301F-11D3-BF4B-00C04F79EFBC}") = "MicroRabbit.Banking.Data", "MicroRabbit.Banking.Data\MicroRabbit.Banking.Data.csproj", "{EA57182A-F5DD-493D-86AC-A0B90B0C7C3D}"
EndProject
Project("{FAE04EC0-301F-11D3-BF4B-00C04F79EFBC}") = "MicroRabbit.Banking.Domain", "MicroRabbit.Banking.Domain\MicroRabbit.Banking.Domain.csproj", "{AB05A760-BDCF-4808-A74A-EE27B57FE4B5}"
EndProject
Global
	GlobalSection(SolutionConfigurationPlatforms) = preSolution
		Debug|Any CPU = Debug|Any CPU
		Release|Any CPU = Release|Any CPU
	EndGlobalSection
	GlobalSection(ProjectConfigurationPlatforms) = postSolution
		{6546C865-648F-4D8C-879B-DBDDF73A05AE}.Debug|Any CPU.ActiveCfg = Debug|Any CPU
		{6546C865-648F-4D8C-879B-DBDDF73A05AE}.Debug|Any CPU.Build.0 = Debug|Any CPU
		{6546C865-648F-4D8C-879B-DBDDF73A05AE}.Release|Any CPU.ActiveCfg = Release|Any CPU
		{6546C865-648F-4D8C-879B-DBDDF73A05AE}.Release|Any CPU.Build.0 = Release|Any CPU
		{EE58B549-0673-4B87-B07A-5D52F667B975}.Debug|Any CPU.ActiveCfg = Debug|Any CPU
		{EE58B549-0673-4B87-B07A-5D52F667B975}.Debug|Any CPU.Build.0 = Debug|Any CPU
		{EE58B549-0673-4B87-B07A-5D52F667B975}.Release|Any CPU.ActiveCfg = Release|Any CPU
		{EE58B549-0673-4B87-B07A-5D52F667B975}.Release|Any CPU.Build.0 = Release|Any CPU
		{13BE583E-3A07-45A1-9D86-4F9D6BDECD87}.Debug|Any CPU.ActiveCfg = Debug|Any CPU
		{13BE583E-3A07-45A1-9D86-4F9D6BDECD87}.Debug|Any CPU.Build.0 = Debug|Any CPU
		{13BE583E-3A07-45A1-9D86-4F9D6BDECD87}.Release|Any CPU.ActiveCfg = Release|Any CPU
		{13BE583E-3A07-45A1-9D86-4F9D6BDECD87}.Release|Any CPU.Build.0 = Release|Any CPU
		{9D124947-7464-4CA4-A9D6-10CEFD8A5EEE}.Debug|Any CPU.ActiveCfg = Debug|Any CPU
		{9D124947-7464-4CA4-A9D6-10CEFD8A5EEE}.Debug|Any CPU.Build.0 = Debug|Any CPU
		{9D124947-7464-4CA4-A9D6-10CEFD8A5EEE}.Release|Any CPU.ActiveCfg = Release|Any CPU
		{9D124947-7464-4CA4-A9D6-10CEFD8A5EEE}.Release|Any CPU.Build.0 = Release|Any CPU
		{E7FC9CF4-6859-49FF-B3A4-663F9E84FE26}.Debug|Any CPU.ActiveCfg = Debug|Any CPU
		{E7FC9CF4-6859-49FF-B3A4-663F9E84FE26}.Debug|Any CPU.Build.0 = Debug|Any CPU
		{E7FC9CF4-6859-49FF-B3A4-663F9E84FE26}.Release|Any CPU.ActiveCfg = Release|Any CPU
		{E7FC9CF4-6859-49FF-B3A4-663F9E84FE26}.Release|Any CPU.Build.0 = Release|Any CPU
		{EA57182A-F5DD-493D-86AC-A0B90B0C7C3D}.Debug|Any CPU.ActiveCfg = Debug|Any CPU
		{EA57182A-F5DD-493D-86AC-A0B90B0C7C3D}.Debug|Any CPU.Build.0 = Debug|Any CPU
		{EA57182A-F5DD-493D-86AC-A0B90B0C7C3D}.Release|Any CPU.ActiveCfg = Release|Any CPU
		{EA57182A-F5DD-493D-86AC-A0B90B0C7C3D}.Release|Any CPU.Build.0 = Release|Any CPU
		{AB05A760-BDCF-4808-A74A-EE27B57FE4B5}.Debug|Any CPU.ActiveCfg = Debug|Any CPU
		{AB05A760-BDCF-4808-A74A-EE27B57FE4B5}.Debug|Any CPU.Build.0 = Debug|Any CPU
		{AB05A760-BDCF-4808-A74A-EE27B57FE4B5}.Release|Any CPU.ActiveCfg = Release|Any CPU
		{AB05A760-BDCF-4808-A74A-EE27B57FE4B5}.Release|Any CPU.Build.0 = Release|Any CPU
	EndGlobalSection
	GlobalSection(SolutionProperties) = preSolution
		HideSolutionNode = FALSE
	EndGlobalSection
	GlobalSection(NestedProjects) = preSolution
		{6546C865-648F-4D8C-879B-DBDDF73A05AE} = {13894C1D-FAE2-402C-A307-A695CD0A4F1A}
		{EE58B549-0673-4B87-B07A-5D52F667B975} = {1489E5E9-46BB-48C9-94F1-9A01C714B991}
		{13BE583E-3A07-45A1-9D86-4F9D6BDECD87} = {FE2E0E58-E1BD-4FB3-BF29-E8FBBDC8006B}
		{B52E4B2A-75C6-4601-8282-46075C2FE15B} = {8430C28D-EA0B-46FF-83B7-894EA1C43F04}
		{6922B9AE-E34B-43F2-8DAD-B5DE8042C7EC} = {B52E4B2A-75C6-4601-8282-46075C2FE15B}
		{9CE5C3F9-87ED-4AF1-A70A-57F918B60645} = {B52E4B2A-75C6-4601-8282-46075C2FE15B}
		{788C0B22-21E4-4375-BF5B-78AE82B4880D} = {B52E4B2A-75C6-4601-8282-46075C2FE15B}
		{B04A0471-8A6A-459B-BFCA-C65F09E59641} = {B52E4B2A-75C6-4601-8282-46075C2FE15B}
		{9D124947-7464-4CA4-A9D6-10CEFD8A5EEE} = {6922B9AE-E34B-43F2-8DAD-B5DE8042C7EC}
		{E7FC9CF4-6859-49FF-B3A4-663F9E84FE26} = {788C0B22-21E4-4375-BF5B-78AE82B4880D}
		{EA57182A-F5DD-493D-86AC-A0B90B0C7C3D} = {B04A0471-8A6A-459B-BFCA-C65F09E59641}
		{AB05A760-BDCF-4808-A74A-EE27B57FE4B5} = {9CE5C3F9-87ED-4AF1-A70A-57F918B60645}
	EndGlobalSection
	GlobalSection(ExtensibilityGlobals) = postSolution
		SolutionGuid = {71855C11-DF3C-4E18-85F3-680D7C773ED3}
	EndGlobalSection
EndGlobal
